
Microsoft Visual Studio Solution File, Format Version 12.00
# Visual Studio Version 16
VisualStudioVersion = 16.0.30907.101
MinimumVisualStudioVersion = 10.0.40219.1
Project("{FAE04EC0-301F-11D3-BF4B-00C04F79EFBC}") = "GameProject", "GameProject\GameProject.csproj", "{311DF6D8-8F0E-4AE0-8897-CF0B0F2D26B2}"
EndProject
Global
	GlobalSection(SolutionConfigurationPlatforms) = preSolution
		Debug|Any CPU = Debug|Any CPU
		Release|Any CPU = Release|Any CPU
	EndGlobalSection
	GlobalSection(ProjectConfigurationPlatforms) = postSolution
		{311DF6D8-8F0E-4AE0-8897-CF0B0F2D26B2}.Debug|Any CPU.ActiveCfg = Debug|Any CPU
		{311DF6D8-8F0E-4AE0-8897-CF0B0F2D26B2}.Debug|Any CPU.Build.0 = Debug|Any CPU
		{311DF6D8-8F0E-4AE0-8897-CF0B0F2D26B2}.Release|Any CPU.ActiveCfg = Release|Any CPU
		{311DF6D8-8F0E-4AE0-8897-CF0B0F2D26B2}.Release|Any CPU.Build.0 = Release|Any CPU
	EndGlobalSection
	GlobalSection(SolutionProperties) = preSolution
		HideSolutionNode = FALSE
	EndGlobalSection
	GlobalSection(ExtensibilityGlobals) = postSolution
		SolutionGuid = {76BB782E-82F2-4004-8F2C-E2A2D50D053E}
	EndGlobalSection
EndGlobal
